
Microsoft Visual Studio Solution File, Format Version 12.00
# Visual Studio Version 16
VisualStudioVersion = 16.0.30225.117
MinimumVisualStudioVersion = 10.0.40219.1
Project("{FAE04EC0-301F-11D3-BF4B-00C04F79EFBC}") = "Lab_4_5", "Lab_4_5\Lab_4_5.csproj", "{3529B6C8-1E04-4707-8E42-C9BFBB9BDA6E}"
EndProject
Global
	GlobalSection(SolutionConfigurationPlatforms) = preSolution
		Debug|Any CPU = Debug|Any CPU
		Release|Any CPU = Release|Any CPU
	EndGlobalSection
	GlobalSection(ProjectConfigurationPlatforms) = postSolution
		{3529B6C8-1E04-4707-8E42-C9BFBB9BDA6E}.Debug|Any CPU.ActiveCfg = Debug|Any CPU
		{3529B6C8-1E04-4707-8E42-C9BFBB9BDA6E}.Debug|Any CPU.Build.0 = Debug|Any CPU
		{3529B6C8-1E04-4707-8E42-C9BFBB9BDA6E}.Release|Any CPU.ActiveCfg = Release|Any CPU
		{3529B6C8-1E04-4707-8E42-C9BFBB9BDA6E}.Release|Any CPU.Build.0 = Release|Any CPU
	EndGlobalSection
	GlobalSection(SolutionProperties) = preSolution
		HideSolutionNode = FALSE
	EndGlobalSection
	GlobalSection(ExtensibilityGlobals) = postSolution
		SolutionGuid = {6B35742A-D765-452E-BBBF-3A855344E729}
	EndGlobalSection
EndGlobal
